
Microsoft Visual Studio Solution File, Format Version 12.00
# Visual Studio Version 17
VisualStudioVersion = 17.10.34928.147
MinimumVisualStudioVersion = 10.0.40219.1
Project("{9A19103F-16F7-4668-BE54-9A1E7A4F7556}") = "BlazorTasker", "BlazorTasker.csproj", "{6BD88896-52FF-45D8-8BFC-E9A59EB0F7AA}"
EndProject
Global
	GlobalSection(SolutionConfigurationPlatforms) = preSolution
		Debug|Any CPU = Debug|Any CPU
		Release|Any CPU = Release|Any CPU
	EndGlobalSection
	GlobalSection(ProjectConfigurationPlatforms) = postSolution
		{6BD88896-52FF-45D8-8BFC-E9A59EB0F7AA}.Debug|Any CPU.ActiveCfg = Debug|Any CPU
		{6BD88896-52FF-45D8-8BFC-E9A59EB0F7AA}.Debug|Any CPU.Build.0 = Debug|Any CPU
		{6BD88896-52FF-45D8-8BFC-E9A59EB0F7AA}.Release|Any CPU.ActiveCfg = Release|Any CPU
		{6BD88896-52FF-45D8-8BFC-E9A59EB0F7AA}.Release|Any CPU.Build.0 = Release|Any CPU
	EndGlobalSection
	GlobalSection(SolutionProperties) = preSolution
		HideSolutionNode = FALSE
	EndGlobalSection
	GlobalSection(ExtensibilityGlobals) = postSolution
		SolutionGuid = {E755AE8C-2F26-4621-B735-7694A75215AC}
	EndGlobalSection
EndGlobal
